
Microsoft Visual Studio Solution File, Format Version 12.00
# Visual Studio 15
VisualStudioVersion = 15.0.28307.852
MinimumVisualStudioVersion = 10.0.40219.1
Project("{8BC9CEB8-8B4A-11D0-8D11-00A0C91BC942}") = "2019CG_Lab3_105502030", "2019CG_Lab3_105502030\2019CG_Lab3_105502030.vcxproj", "{504B69BD-FBDA-4A65-B1C3-AAFECD4769AE}"
EndProject
Global
	GlobalSection(SolutionConfigurationPlatforms) = preSolution
		Debug|x64 = Debug|x64
		Debug|x86 = Debug|x86
		Release|x64 = Release|x64
		Release|x86 = Release|x86
	EndGlobalSection
	GlobalSection(ProjectConfigurationPlatforms) = postSolution
		{504B69BD-FBDA-4A65-B1C3-AAFECD4769AE}.Debug|x64.ActiveCfg = Debug|x64
		{504B69BD-FBDA-4A65-B1C3-AAFECD4769AE}.Debug|x64.Build.0 = Debug|x64
		{504B69BD-FBDA-4A65-B1C3-AAFECD4769AE}.Debug|x86.ActiveCfg = Debug|Win32
		{504B69BD-FBDA-4A65-B1C3-AAFECD4769AE}.Debug|x86.Build.0 = Debug|Win32
		{504B69BD-FBDA-4A65-B1C3-AAFECD4769AE}.Release|x64.ActiveCfg = Release|x64
		{504B69BD-FBDA-4A65-B1C3-AAFECD4769AE}.Release|x64.Build.0 = Release|x64
		{504B69BD-FBDA-4A65-B1C3-AAFECD4769AE}.Release|x86.ActiveCfg = Release|Win32
		{504B69BD-FBDA-4A65-B1C3-AAFECD4769AE}.Release|x86.Build.0 = Release|Win32
	EndGlobalSection
	GlobalSection(SolutionProperties) = preSolution
		HideSolutionNode = FALSE
	EndGlobalSection
	GlobalSection(ExtensibilityGlobals) = postSolution
		SolutionGuid = {6BDBC22C-33FF-444B-96CD-7879235B6309}
	EndGlobalSection
EndGlobal
